
Microsoft Visual Studio Solution File, Format Version 12.00
# Visual Studio Version 17
VisualStudioVersion = 17.8.34511.84
MinimumVisualStudioVersion = 10.0.40219.1
Project("{FAE04EC0-301F-11D3-BF4B-00C04F79EFBC}") = "SignalROrnekProje", "SignalROrnekProje\SignalROrnekProje.csproj", "{5C070BEC-512B-476B-B826-F756C3ED7797}"
EndProject
Global
	GlobalSection(SolutionConfigurationPlatforms) = preSolution
		Debug|Any CPU = Debug|Any CPU
		Release|Any CPU = Release|Any CPU
	EndGlobalSection
	GlobalSection(ProjectConfigurationPlatforms) = postSolution
		{5C070BEC-512B-476B-B826-F756C3ED7797}.Debug|Any CPU.ActiveCfg = Debug|Any CPU
		{5C070BEC-512B-476B-B826-F756C3ED7797}.Debug|Any CPU.Build.0 = Debug|Any CPU
		{5C070BEC-512B-476B-B826-F756C3ED7797}.Release|Any CPU.ActiveCfg = Release|Any CPU
		{5C070BEC-512B-476B-B826-F756C3ED7797}.Release|Any CPU.Build.0 = Release|Any CPU
	EndGlobalSection
	GlobalSection(SolutionProperties) = preSolution
		HideSolutionNode = FALSE
	EndGlobalSection
	GlobalSection(ExtensibilityGlobals) = postSolution
		SolutionGuid = {FDA92C06-D57C-43B1-835E-73272022EA31}
	EndGlobalSection
EndGlobal
